<?xml version="1.0" encoding="utf-8"?>
<Project ToolsVersion="4.0" xmlns="http://schemas.microsoft.com/developer/msbuild/2003">
  <ItemGroup>
    <Filter Include="Header Files">
      <UniqueIdentifier>{93995380-89BD-4b04-88EB-625FBE52EBFB}</UniqueIdentifier>
      <Extensions>h;hh;hpp;hxx;hm;inl;inc;ipp;xsd</Extensions>
    </Filter>
    <Filter Include="Shaders">
      <UniqueIdentifier>{2c161720-0c14-4e91-be6c-3210c7fe78cf}</UniqueIdentifier>
    </Filter>
    <Filter Include="Resource Files">
      <UniqueIdentifier>{67DA6AB6-F800-4c08-8B7A-83BB121AAD01}</UniqueIdentifier>
      <Extensions>rc;ico;cur;bmp;dlg;rc2;rct;bin;rgs;gif;jpg;jpeg;jpe;resx;tiff;tif;png;wav;mfcribbon-ms</Extensions>
    </Filter>
    <Filter Include="ObjParser">
      <UniqueIdentifier>{588b4712-fc8c-44fc-9257-444f18609111}</UniqueIdentifier>
    </Filter>
    <Filter Include="Source Files">
      <UniqueIdentifier>{4FC737F1-C7A5-4376-A066-2A32D752A2FF}</UniqueIdentifier>
      <Extensions>cpp;c;cc;cxx;def;odl;idl;hpj;bat;asm;asmx</Extensions>
    </Filter>
    <Filter Include="fonts">
      <UniqueIdentifier>{347b3df7-d3f6-4ef6-a11b-80514735f43a}</UniqueIdentifier>
    </Filter>
    <Filter Include="Shaders\Default">
      <UniqueIdentifier>{9b89eec0-7308-4cb5-a068-3a8848d2e65b}</UniqueIdentifier>
    </Filter>
  </ItemGroup>
  <ItemGroup>
    <ClInclude Include="Graphic.h">
      <Filter>Header Files</Filter>
    </ClInclude>
    <ClInclude Include="WindowsClass.h">
      <Filter>Header Files</Filter>
    </ClInclude>
    <ClInclude Include="Entry.h">
      <Filter>Header Files</Filter>
    </ClInclude>
    <ClInclude Include="timer.h">
      <Filter>Header Files</Filter>
    </ClInclude>
    <ClInclude Include="errors.h">
      <Filter>Header Files</Filter>
    </ClInclude>
    <ClInclude Include="dxerr.h">
      <Filter>Header Files</Filter>
    </ClInclude>
    <ClInclude Include="Triangle.h">
      <Filter>Header Files</Filter>
    </ClInclude>
    <ClInclude Include="Scene.h">
      <Filter>Header Files</Filter>
    </ClInclude>
    <ClInclude Include="PixelShader.h">
      <Filter>Header Files</Filter>
    </ClInclude>
    <ClInclude Include="ConstantBuff.h">
      <Filter>Header Files</Filter>
    </ClInclude>
    <ClInclude Include="Camera.h">
      <Filter>Header Files</Filter>
    </ClInclude>
    <ClInclude Include="Light.h">
      <Filter>Header Files</Filter>
    </ClInclude>
    <ClInclude Include="Metrices.h">
      <Filter>Header Files</Filter>
    </ClInclude>
    <ClInclude Include="ColliderController.h">
      <Filter>Header Files</Filter>
    </ClInclude>
    <ClInclude Include="ECoreUI.h">
      <Filter>Header Files</Filter>
    </ClInclude>
    <ClInclude Include="ObjParser\ObjParser.h">
      <Filter>ObjParser</Filter>
    </ClInclude>
    <ClInclude Include="font\IconsCodicons.h">
      <Filter>fonts</Filter>
    </ClInclude>
    <ClInclude Include="font\IconsFontAwesome4.h">
      <Filter>fonts</Filter>
    </ClInclude>
    <ClInclude Include="Factory.h">
      <Filter>Header Files</Filter>
    </ClInclude>
    <ClInclude Include="SkyBox.h">
      <Filter>Header Files</Filter>
    </ClInclude>
  </ItemGroup>
  <ItemGroup>
    <ClCompile Include="Graphic.cpp">
      <Filter>Source Files</Filter>
    </ClCompile>
    <ClCompile Include="WindowsClass.cpp">
      <Filter>Source Files</Filter>
    </ClCompile>
    <ClCompile Include="Entry.cpp">
      <Filter>Source Files</Filter>
    </ClCompile>
    <ClCompile Include="errors.cpp">
      <Filter>Source Files</Filter>
    </ClCompile>
    <ClCompile Include="dxerr.cpp">
      <Filter>Source Files</Filter>
    </ClCompile>
    <ClCompile Include="Triangle.cpp">
      <Filter>Source Files</Filter>
    </ClCompile>
    <ClCompile Include="Scene.cpp">
      <Filter>Source Files</Filter>
    </ClCompile>
    <ClCompile Include="PixelShader.cpp">
      <Filter>Source Files</Filter>
    </ClCompile>
    <ClCompile Include="ConstantBuff.cpp">
      <Filter>Source Files</Filter>
    </ClCompile>
    <ClCompile Include="Camera.cpp">
      <Filter>Source Files</Filter>
    </ClCompile>
    <ClCompile Include="Light.cpp">
      <Filter>Source Files</Filter>
    </ClCompile>
    <ClCompile Include="timer.cpp">
      <Filter>Source Files</Filter>
    </ClCompile>
    <ClCompile Include="Metrices.cpp">
      <Filter>Source Files</Filter>
    </ClCompile>
    <ClCompile Include="ColliderController.cpp">
      <Filter>Source Files</Filter>
    </ClCompile>
    <ClCompile Include="ECoreUI.cpp">
      <Filter>Source Files</Filter>
    </ClCompile>
    <ClCompile Include="Factory.cpp">
      <Filter>Source Files</Filter>
    </ClCompile>
    <ClCompile Include="SkyBox.cpp">
      <Filter>Source Files</Filter>
    </ClCompile>
  </ItemGroup>
  <ItemGroup>
    <FxCompile Include="PSSkyBox.hlsl">
      <Filter>Shaders</Filter>
    </FxCompile>
    <FxCompile Include="VertexShader.hlsl">
      <Filter>Shaders\Default</Filter>
    </FxCompile>
    <FxCompile Include="SolidColWireFrame.hlsl">
      <Filter>Shaders\Default</Filter>
    </FxCompile>
    <FxCompile Include="PixelShader.hlsl">
      <Filter>Shaders\Default</Filter>
    </FxCompile>
    <FxCompile Include="HullShader.hlsl">
      <Filter>Shaders\Default</Filter>
    </FxCompile>
    <FxCompile Include="GeometryShader.hlsl">
      <Filter>Shaders\Default</Filter>
    </FxCompile>
    <FxCompile Include="DomainShader.hlsl">
      <Filter>Shaders\Default</Filter>
    </FxCompile>
    <FxCompile Include="PSTexture.hlsl">
      <Filter>Shaders\Default</Filter>
    </FxCompile>
    <FxCompile Include="DSSkyBox.hlsl">
      <Filter>Shaders</Filter>
    </FxCompile>
  </ItemGroup>
  <ItemGroup>
    <Image Include="rick.jpg">
      <Filter>Resource Files</Filter>
    </Image>
  </ItemGroup>
</Project>